
Microsoft Visual Studio Solution File, Format Version 12.00
# Visual Studio 15
Project("{FAE04EC0-301F-11D3-BF4B-00C04F79EFBC}") = "Assembly-CSharp", "Assembly-CSharp.csproj", "{D17B2BEE-5018-1D23-7E90-10F7431D4C5B}"
EndProject
Project("{FAE04EC0-301F-11D3-BF4B-00C04F79EFBC}") = "PhotonWebSocket", "PhotonWebSocket.csproj", "{D3E9983D-785F-B352-5811-DAAD897D9757}"
EndProject
Project("{FAE04EC0-301F-11D3-BF4B-00C04F79EFBC}") = "Assembly-CSharp-Editor", "Assembly-CSharp-Editor.csproj", "{ABEB4A03-F413-2518-6BFD-05F2BA6B2A76}"
EndProject
Global
	GlobalSection(SolutionConfigurationPlatforms) = preSolution
		Debug|Any CPU = Debug|Any CPU
		Release|Any CPU = Release|Any CPU
	EndGlobalSection
	GlobalSection(ProjectConfigurationPlatforms) = postSolution
		{D17B2BEE-5018-1D23-7E90-10F7431D4C5B}.Debug|Any CPU.ActiveCfg = Debug|Any CPU
		{D17B2BEE-5018-1D23-7E90-10F7431D4C5B}.Debug|Any CPU.Build.0 = Debug|Any CPU
		{D17B2BEE-5018-1D23-7E90-10F7431D4C5B}.Release|Any CPU.ActiveCfg = Release|Any CPU
		{D17B2BEE-5018-1D23-7E90-10F7431D4C5B}.Release|Any CPU.Build.0 = Release|Any CPU
		{D3E9983D-785F-B352-5811-DAAD897D9757}.Debug|Any CPU.ActiveCfg = Debug|Any CPU
		{D3E9983D-785F-B352-5811-DAAD897D9757}.Debug|Any CPU.Build.0 = Debug|Any CPU
		{D3E9983D-785F-B352-5811-DAAD897D9757}.Release|Any CPU.ActiveCfg = Release|Any CPU
		{D3E9983D-785F-B352-5811-DAAD897D9757}.Release|Any CPU.Build.0 = Release|Any CPU
		{ABEB4A03-F413-2518-6BFD-05F2BA6B2A76}.Debug|Any CPU.ActiveCfg = Debug|Any CPU
		{ABEB4A03-F413-2518-6BFD-05F2BA6B2A76}.Debug|Any CPU.Build.0 = Debug|Any CPU
		{ABEB4A03-F413-2518-6BFD-05F2BA6B2A76}.Release|Any CPU.ActiveCfg = Release|Any CPU
		{ABEB4A03-F413-2518-6BFD-05F2BA6B2A76}.Release|Any CPU.Build.0 = Release|Any CPU
	EndGlobalSection
	GlobalSection(SolutionProperties) = preSolution
		HideSolutionNode = FALSE
	EndGlobalSection
EndGlobal
